
Microsoft Visual Studio Solution File, Format Version 12.00
# Visual Studio Version 17
VisualStudioVersion = 17.5.002.0
MinimumVisualStudioVersion = 10.0.40219.1
Project("{9A19103F-16F7-4668-BE54-9A1E7A4F7556}") = "HelloWorld", "HelloWorld.csproj", "{A91531E5-3129-4E81-8AE6-DF1656A2DE23}"
EndProject
Global
	GlobalSection(SolutionConfigurationPlatforms) = preSolution
		Debug|Any CPU = Debug|Any CPU
		Release|Any CPU = Release|Any CPU
	EndGlobalSection
	GlobalSection(ProjectConfigurationPlatforms) = postSolution
		{A91531E5-3129-4E81-8AE6-DF1656A2DE23}.Debug|Any CPU.ActiveCfg = Debug|Any CPU
		{A91531E5-3129-4E81-8AE6-DF1656A2DE23}.Debug|Any CPU.Build.0 = Debug|Any CPU
		{A91531E5-3129-4E81-8AE6-DF1656A2DE23}.Release|Any CPU.ActiveCfg = Release|Any CPU
		{A91531E5-3129-4E81-8AE6-DF1656A2DE23}.Release|Any CPU.Build.0 = Release|Any CPU
	EndGlobalSection
	GlobalSection(SolutionProperties) = preSolution
		HideSolutionNode = FALSE
	EndGlobalSection
	GlobalSection(ExtensibilityGlobals) = postSolution
		SolutionGuid = {0A8AF047-0635-4513-9960-9D9CAC834944}
	EndGlobalSection
EndGlobal
